
Microsoft Visual Studio Solution File, Format Version 12.00
# Visual Studio Version 17
VisualStudioVersion = 17.4.33110.190
MinimumVisualStudioVersion = 10.0.40219.1
Project("{FAE04EC0-301F-11D3-BF4B-00C04F79EFBC}") = "SuprtHeroAPI", "SuprtHeroAPI\SuprtHeroAPI.csproj", "{73C16B63-F020-4FB3-BCE6-48D7C96DBBEC}"
EndProject
Global
	GlobalSection(SolutionConfigurationPlatforms) = preSolution
		Debug|Any CPU = Debug|Any CPU
		Release|Any CPU = Release|Any CPU
	EndGlobalSection
	GlobalSection(ProjectConfigurationPlatforms) = postSolution
		{73C16B63-F020-4FB3-BCE6-48D7C96DBBEC}.Debug|Any CPU.ActiveCfg = Debug|Any CPU
		{73C16B63-F020-4FB3-BCE6-48D7C96DBBEC}.Debug|Any CPU.Build.0 = Debug|Any CPU
		{73C16B63-F020-4FB3-BCE6-48D7C96DBBEC}.Release|Any CPU.ActiveCfg = Release|Any CPU
		{73C16B63-F020-4FB3-BCE6-48D7C96DBBEC}.Release|Any CPU.Build.0 = Release|Any CPU
	EndGlobalSection
	GlobalSection(SolutionProperties) = preSolution
		HideSolutionNode = FALSE
	EndGlobalSection
	GlobalSection(ExtensibilityGlobals) = postSolution
		SolutionGuid = {ED1AE9F0-B324-48E4-8537-D54EFD8614BF}
	EndGlobalSection
EndGlobal
